<?xml version="1.0" encoding="utf-8"?>
<Project ToolsVersion="4.0" xmlns="http://schemas.microsoft.com/developer/msbuild/2003">
  <ItemGroup>
    <ClInclude Include="MayaImport\exporter.h" />
    <ClInclude Include="MayaImport\maya_main.h" />
  </ItemGroup>
  <ItemGroup>
    <ClCompile Include="MayaImport\maya_main.cpp" />
    <ClCompile Include="idlib\precompiled.cpp" />
  </ItemGroup>
  <ItemGroup>
    <None Include="MayaImport\mayaimport.def" />
  </ItemGroup>
  <ItemGroup>
    <Library Include="MayaImport\fbxsdk\lib\x64\debug\libfbxsdk-mt.lib" />
    <Library Include="MayaImport\fbxsdk\lib\x64\debug\libxml2-mt.lib" />
    <Library Include="MayaImport\fbxsdk\lib\x64\debug\zlib-mt.lib" />
  </ItemGroup>
</Project>